// !$*UTF8*$!
{
	archiveVersion = 1;
	classes = {
	};
	objectVersion = 56;
	objects = {

/* Begin PBXBuildFile section */
		D9B74C0B2EBB3A09002364A2 /* PicPickApp.swift in Sources */ = {isa = PBXBuildFile; fileRef = D9B74C0A2EBB3A09002364A2 /* PicPickApp.swift */; };
		D9B74C0F2EBB3A0B002364A2 /* Assets.xcassets in Resources */ = {isa = PBXBuildFile; fileRef = D9B74C0E2EBB3A0B002364A2 /* Assets.xcassets */; };
		D9B74C122EBB3A0B002364A2 /* Preview Assets.xcassets in Resources */ = {isa = PBXBuildFile; fileRef = D9B74C112EBB3A0B002364A2 /* Preview Assets.xcassets */; };
		D9B74C262EBB406C002364A2 /* Assets.xcassets in Resources */ = {isa = PBXBuildFile; fileRef = D9B74C182EBB406C002364A2 /* Assets.xcassets */; };
		D9B74C272EBB406C002364A2 /* PhotoItem.swift in Sources */ = {isa = PBXBuildFile; fileRef = D9B74C1A2EBB406C002364A2 /* PhotoItem.swift */; };
		D9B74C282EBB406C002364A2 /* PhotoManagementViewModel.swift in Sources */ = {isa = PBXBuildFile; fileRef = D9B74C1C2EBB406C002364A2 /* PhotoManagementViewModel.swift */; };
		D9B74C292EBB406C002364A2 /* DeleteConfirmationView.swift in Sources */ = {isa = PBXBuildFile; fileRef = D9B74C1E2EBB406C002364A2 /* DeleteConfirmationView.swift */; };
		D9B74C2A2EBB406C002364A2 /* DateFilterView.swift in Sources */ = {isa = PBXBuildFile; fileRef = D9B74C1F2EBB406C002364A2 /* DateFilterView.swift */; };
		D9B74C2B2EBB406C002364A2 /* PhotoCardView.swift in Sources */ = {isa = PBXBuildFile; fileRef = D9B74C202EBB406C002364A2 /* PhotoCardView.swift */; };
		D9B74C2C2EBB406C002364A2 /* PhotoManagementView.swift in Sources */ = {isa = PBXBuildFile; fileRef = D9B74C212EBB406C002364A2 /* PhotoManagementView.swift */; };
		D9B74C2D2EBB406C002364A2 /* PhotoService.swift in Sources */ = {isa = PBXBuildFile; fileRef = D9B74C232EBB406C002364A2 /* PhotoService.swift */; };
		D9B74C2E2EBB406C002364A2 /* Preview Assets.xcassets in Resources */ = {isa = PBXBuildFile; fileRef = D9B74C252EBB406C002364A2 /* Preview Assets.xcassets */; };
		D9B74C302EBB4A79002364A2 /* FilterView.swift in Sources */ = {isa = PBXBuildFile; fileRef = D9B74C2F2EBB4A79002364A2 /* FilterView.swift */; };
		A1B74C512EBB50000023AA01 /* PhotoAlbum.swift in Sources */ = {isa = PBXBuildFile; fileRef = A1B74C502EBB50000023AA01 /* PhotoAlbum.swift */; };
		A1B74C532EBB50000023AA02 /* StorageStatsStore.swift in Sources */ = {isa = PBXBuildFile; fileRef = A1B74C522EBB50000023AA02 /* StorageStatsStore.swift */; };
		A1B74C552EBB50000023AA03 /* AlbumPickerView.swift in Sources */ = {isa = PBXBuildFile; fileRef = A1B74C542EBB50000023AA03 /* AlbumPickerView.swift */; };
		A1B74C612EBB50000023AA04 /* HomeView.swift in Sources */ = {isa = PBXBuildFile; fileRef = A1B74C602EBB50000023AA04 /* HomeView.swift */; };
		A1B74C632EBB50000023AA05 /* DuplicateGroup.swift in Sources */ = {isa = PBXBuildFile; fileRef = A1B74C622EBB50000023AA05 /* DuplicateGroup.swift */; };
		A1B74C652EBB50000023AA06 /* SmartCleanupModels.swift in Sources */ = {isa = PBXBuildFile; fileRef = A1B74C642EBB50000023AA06 /* SmartCleanupModels.swift */; };
		A1B74C672EBB50000023AA07 /* PhotoAnalysisService.swift in Sources */ = {isa = PBXBuildFile; fileRef = A1B74C662EBB50000023AA07 /* PhotoAnalysisService.swift */; };
		A1B74C692EBB50000023AA08 /* DuplicateDetectionViewModel.swift in Sources */ = {isa = PBXBuildFile; fileRef = A1B74C682EBB50000023AA08 /* DuplicateDetectionViewModel.swift */; };
		A1B74C6B2EBB50000023AA09 /* SmartCleanupViewModel.swift in Sources */ = {isa = PBXBuildFile; fileRef = A1B74C6A2EBB50000023AA09 /* SmartCleanupViewModel.swift */; };
		A1B74C6D2EBB50000023AA0A /* HomeViewModel.swift in Sources */ = {isa = PBXBuildFile; fileRef = A1B74C6C2EBB50000023AA0A /* HomeViewModel.swift */; };
		A1B74C6F2EBB50000023AA0B /* DuplicateDetectionView.swift in Sources */ = {isa = PBXBuildFile; fileRef = A1B74C6E2EBB50000023AA0B /* DuplicateDetectionView.swift */; };
		A1B74C712EBB50000023AA0C /* SmartCleanupView.swift in Sources */ = {isa = PBXBuildFile; fileRef = A1B74C702EBB50000023AA0C /* SmartCleanupView.swift */; };
		A1B74C732EBB50000023AA0D /* PendingDeleteItem.swift in Sources */ = {isa = PBXBuildFile; fileRef = A1B74C722EBB50000023AA0D /* PendingDeleteItem.swift */; };
		A1B74C752EBB50000023AA0E /* PendingDeleteStore.swift in Sources */ = {isa = PBXBuildFile; fileRef = A1B74C742EBB50000023AA0E /* PendingDeleteStore.swift */; };
		A1B74C772EBB50000023AA0F /* CleaningProgressStore.swift in Sources */ = {isa = PBXBuildFile; fileRef = A1B74C762EBB50000023AA0F /* CleaningProgressStore.swift */; };
		A1B74C792EBB50000023AA10 /* PendingDeleteViewModel.swift in Sources */ = {isa = PBXBuildFile; fileRef = A1B74C782EBB50000023AA10 /* PendingDeleteViewModel.swift */; };
		A1B74C7B2EBB50000023AA11 /* PendingDeleteView.swift in Sources */ = {isa = PBXBuildFile; fileRef = A1B74C7A2EBB50000023AA11 /* PendingDeleteView.swift */; };
		A1B74C7D2EBB50000023AA12 /* BlindBoxViewModel.swift in Sources */ = {isa = PBXBuildFile; fileRef = A1B74C7C2EBB50000023AA12 /* BlindBoxViewModel.swift */; };
		A1B74C7F2EBB50000023AA13 /* BlindBoxView.swift in Sources */ = {isa = PBXBuildFile; fileRef = A1B74C7E2EBB50000023AA13 /* BlindBoxView.swift */; };
		A1B74C812EBB50000023AA14 /* Config.swift in Sources */ = {isa = PBXBuildFile; fileRef = A1B74C802EBB50000023AA14 /* Config.swift */; };
		A1B74C832EBB50000023AA15 /* DailyQuotaService.swift in Sources */ = {isa = PBXBuildFile; fileRef = A1B74C822EBB50000023AA15 /* DailyQuotaService.swift */; };
		A1B74C852EBB50000023AA16 /* PaywallService.swift in Sources */ = {isa = PBXBuildFile; fileRef = A1B74C842EBB50000023AA16 /* PaywallService.swift */; };
		A1B74C872EBB50000023AA17 /* SettingsView.swift in Sources */ = {isa = PBXBuildFile; fileRef = A1B74C862EBB50000023AA17 /* SettingsView.swift */; };
		A1B74C892EBB50000023AA18 /* PaywallView.swift in Sources */ = {isa = PBXBuildFile; fileRef = A1B74C882EBB50000023AA18 /* PaywallView.swift */; };
/* End PBXBuildFile section */

/* Begin PBXFileReference section */
		D9B74C072EBB3A09002364A2 /* PicPick.app */ = {isa = PBXFileReference; explicitFileType = wrapper.application; includeInIndex = 0; path = PicPick.app; sourceTree = BUILT_PRODUCTS_DIR; };
		D9B74C0A2EBB3A09002364A2 /* PicPickApp.swift */ = {isa = PBXFileReference; lastKnownFileType = sourcecode.swift; path = PicPickApp.swift; sourceTree = "<group>"; };
		D9B74C0E2EBB3A0B002364A2 /* Assets.xcassets */ = {isa = PBXFileReference; lastKnownFileType = folder.assetcatalog; path = Assets.xcassets; sourceTree = "<group>"; };
		D9B74C112EBB3A0B002364A2 /* Preview Assets.xcassets */ = {isa = PBXFileReference; lastKnownFileType = folder.assetcatalog; path = "Preview Assets.xcassets"; sourceTree = "<group>"; };
		D9B74C182EBB406C002364A2 /* Assets.xcassets */ = {isa = PBXFileReference; lastKnownFileType = folder.assetcatalog; path = Assets.xcassets; sourceTree = "<group>"; };
		D9B74C1A2EBB406C002364A2 /* PhotoItem.swift */ = {isa = PBXFileReference; fileEncoding = 4; lastKnownFileType = sourcecode.swift; path = PhotoItem.swift; sourceTree = "<group>"; };
		D9B74C1C2EBB406C002364A2 /* PhotoManagementViewModel.swift */ = {isa = PBXFileReference; fileEncoding = 4; lastKnownFileType = sourcecode.swift; path = PhotoManagementViewModel.swift; sourceTree = "<group>"; };
		D9B74C1E2EBB406C002364A2 /* DeleteConfirmationView.swift */ = {isa = PBXFileReference; fileEncoding = 4; lastKnownFileType = sourcecode.swift; path = DeleteConfirmationView.swift; sourceTree = "<group>"; };
		D9B74C1F2EBB406C002364A2 /* DateFilterView.swift */ = {isa = PBXFileReference; fileEncoding = 4; lastKnownFileType = sourcecode.swift; path = DateFilterView.swift; sourceTree = "<group>"; };
		D9B74C202EBB406C002364A2 /* PhotoCardView.swift */ = {isa = PBXFileReference; fileEncoding = 4; lastKnownFileType = sourcecode.swift; path = PhotoCardView.swift; sourceTree = "<group>"; };
		D9B74C212EBB406C002364A2 /* PhotoManagementView.swift */ = {isa = PBXFileReference; fileEncoding = 4; lastKnownFileType = sourcecode.swift; path = PhotoManagementView.swift; sourceTree = "<group>"; };
		D9B74C232EBB406C002364A2 /* PhotoService.swift */ = {isa = PBXFileReference; fileEncoding = 4; lastKnownFileType = sourcecode.swift; path = PhotoService.swift; sourceTree = "<group>"; };
		D9B74C252EBB406C002364A2 /* Preview Assets.xcassets */ = {isa = PBXFileReference; lastKnownFileType = folder.assetcatalog; path = "Preview Assets.xcassets"; sourceTree = "<group>"; };
		D9B74C2F2EBB4A79002364A2 /* FilterView.swift */ = {isa = PBXFileReference; fileEncoding = 4; lastKnownFileType = sourcecode.swift; path = FilterView.swift; sourceTree = "<group>"; };
		A1B74C502EBB50000023AA01 /* PhotoAlbum.swift */ = {isa = PBXFileReference; fileEncoding = 4; lastKnownFileType = sourcecode.swift; path = PhotoAlbum.swift; sourceTree = "<group>"; };
		A1B74C522EBB50000023AA02 /* StorageStatsStore.swift */ = {isa = PBXFileReference; fileEncoding = 4; lastKnownFileType = sourcecode.swift; path = StorageStatsStore.swift; sourceTree = "<group>"; };
		A1B74C542EBB50000023AA03 /* AlbumPickerView.swift */ = {isa = PBXFileReference; fileEncoding = 4; lastKnownFileType = sourcecode.swift; path = AlbumPickerView.swift; sourceTree = "<group>"; };
		A1B74C602EBB50000023AA04 /* HomeView.swift */ = {isa = PBXFileReference; fileEncoding = 4; lastKnownFileType = sourcecode.swift; path = HomeView.swift; sourceTree = "<group>"; };
		A1B74C622EBB50000023AA05 /* DuplicateGroup.swift */ = {isa = PBXFileReference; fileEncoding = 4; lastKnownFileType = sourcecode.swift; path = DuplicateGroup.swift; sourceTree = "<group>"; };
		A1B74C642EBB50000023AA06 /* SmartCleanupModels.swift */ = {isa = PBXFileReference; fileEncoding = 4; lastKnownFileType = sourcecode.swift; path = SmartCleanupModels.swift; sourceTree = "<group>"; };
		A1B74C662EBB50000023AA07 /* PhotoAnalysisService.swift */ = {isa = PBXFileReference; fileEncoding = 4; lastKnownFileType = sourcecode.swift; path = PhotoAnalysisService.swift; sourceTree = "<group>"; };
		A1B74C682EBB50000023AA08 /* DuplicateDetectionViewModel.swift */ = {isa = PBXFileReference; fileEncoding = 4; lastKnownFileType = sourcecode.swift; path = DuplicateDetectionViewModel.swift; sourceTree = "<group>"; };
		A1B74C6A2EBB50000023AA09 /* SmartCleanupViewModel.swift */ = {isa = PBXFileReference; fileEncoding = 4; lastKnownFileType = sourcecode.swift; path = SmartCleanupViewModel.swift; sourceTree = "<group>"; };
		A1B74C6C2EBB50000023AA0A /* HomeViewModel.swift */ = {isa = PBXFileReference; fileEncoding = 4; lastKnownFileType = sourcecode.swift; path = HomeViewModel.swift; sourceTree = "<group>"; };
		A1B74C6E2EBB50000023AA0B /* DuplicateDetectionView.swift */ = {isa = PBXFileReference; fileEncoding = 4; lastKnownFileType = sourcecode.swift; path = DuplicateDetectionView.swift; sourceTree = "<group>"; };
		A1B74C702EBB50000023AA0C /* SmartCleanupView.swift */ = {isa = PBXFileReference; fileEncoding = 4; lastKnownFileType = sourcecode.swift; path = SmartCleanupView.swift; sourceTree = "<group>"; };
		A1B74C722EBB50000023AA0D /* PendingDeleteItem.swift */ = {isa = PBXFileReference; fileEncoding = 4; lastKnownFileType = sourcecode.swift; path = PendingDeleteItem.swift; sourceTree = "<group>"; };
		A1B74C742EBB50000023AA0E /* PendingDeleteStore.swift */ = {isa = PBXFileReference; fileEncoding = 4; lastKnownFileType = sourcecode.swift; path = PendingDeleteStore.swift; sourceTree = "<group>"; };
		A1B74C762EBB50000023AA0F /* CleaningProgressStore.swift */ = {isa = PBXFileReference; fileEncoding = 4; lastKnownFileType = sourcecode.swift; path = CleaningProgressStore.swift; sourceTree = "<group>"; };
		A1B74C782EBB50000023AA10 /* PendingDeleteViewModel.swift */ = {isa = PBXFileReference; fileEncoding = 4; lastKnownFileType = sourcecode.swift; path = PendingDeleteViewModel.swift; sourceTree = "<group>"; };
		A1B74C7A2EBB50000023AA11 /* PendingDeleteView.swift */ = {isa = PBXFileReference; fileEncoding = 4; lastKnownFileType = sourcecode.swift; path = PendingDeleteView.swift; sourceTree = "<group>"; };
		A1B74C7C2EBB50000023AA12 /* BlindBoxViewModel.swift */ = {isa = PBXFileReference; fileEncoding = 4; lastKnownFileType = sourcecode.swift; path = BlindBoxViewModel.swift; sourceTree = "<group>"; };
		A1B74C7E2EBB50000023AA13 /* BlindBoxView.swift */ = {isa = PBXFileReference; fileEncoding = 4; lastKnownFileType = sourcecode.swift; path = BlindBoxView.swift; sourceTree = "<group>"; };
		A1B74C802EBB50000023AA14 /* Config.swift */ = {isa = PBXFileReference; fileEncoding = 4; lastKnownFileType = sourcecode.swift; path = Config.swift; sourceTree = "<group>"; };
		A1B74C822EBB50000023AA15 /* DailyQuotaService.swift */ = {isa = PBXFileReference; fileEncoding = 4; lastKnownFileType = sourcecode.swift; path = DailyQuotaService.swift; sourceTree = "<group>"; };
		A1B74C842EBB50000023AA16 /* PaywallService.swift */ = {isa = PBXFileReference; fileEncoding = 4; lastKnownFileType = sourcecode.swift; path = PaywallService.swift; sourceTree = "<group>"; };
		A1B74C862EBB50000023AA17 /* SettingsView.swift */ = {isa = PBXFileReference; fileEncoding = 4; lastKnownFileType = sourcecode.swift; path = SettingsView.swift; sourceTree = "<group>"; };
		A1B74C882EBB50000023AA18 /* PaywallView.swift */ = {isa = PBXFileReference; fileEncoding = 4; lastKnownFileType = sourcecode.swift; path = PaywallView.swift; sourceTree = "<group>"; };
/* End PBXFileReference section */

/* Begin PBXFrameworksBuildPhase section */
		D9B74C042EBB3A09002364A2 /* Frameworks */ = {
			isa = PBXFrameworksBuildPhase;
			buildActionMask = 2147483647;
			files = (
			);
			runOnlyForDeploymentPostprocessing = 0;
		};
/* End PBXFrameworksBuildPhase section */

/* Begin PBXGroup section */
		D9B74BFE2EBB3A09002364A2 = {
			isa = PBXGroup;
			children = (
				D9B74C092EBB3A09002364A2 /* PicPick */,
				D9B74C082EBB3A09002364A2 /* Products */,
			);
			sourceTree = "<group>";
		};
		D9B74C082EBB3A09002364A2 /* Products */ = {
			isa = PBXGroup;
			children = (
				D9B74C072EBB3A09002364A2 /* PicPick.app */,
			);
			name = Products;
			sourceTree = "<group>";
		};
		D9B74C092EBB3A09002364A2 /* PicPick */ = {
			isa = PBXGroup;
			children = (
				D9B74C182EBB406C002364A2 /* Assets.xcassets */,
				D9B74C192EBB406C002364A2 /* Models */,
				D9B74C242EBB406C002364A2 /* Preview Content */,
				D9B74C222EBB406C002364A2 /* Services */,
				D9B74C1B2EBB406C002364A2 /* ViewModels */,
				D9B74C1D2EBB406C002364A2 /* Views */,
				D9B74C0A2EBB3A09002364A2 /* PicPickApp.swift */,
				A1B74C802EBB50000023AA14 /* Config.swift */,
				D9B74C0E2EBB3A0B002364A2 /* Assets.xcassets */,
				D9B74C102EBB3A0B002364A2 /* Preview Content */,
			);
			path = PicPick;
			sourceTree = "<group>";
		};
		D9B74C102EBB3A0B002364A2 /* Preview Content */ = {
			isa = PBXGroup;
			children = (
				D9B74C112EBB3A0B002364A2 /* Preview Assets.xcassets */,
			);
			path = "Preview Content";
			sourceTree = "<group>";
		};
		D9B74C192EBB406C002364A2 /* Models */ = {
			isa = PBXGroup;
			children = (
				D9B74C1A2EBB406C002364A2 /* PhotoItem.swift */,
				A1B74C502EBB50000023AA01 /* PhotoAlbum.swift */,
				A1B74C622EBB50000023AA05 /* DuplicateGroup.swift */,
				A1B74C642EBB50000023AA06 /* SmartCleanupModels.swift */,
				A1B74C722EBB50000023AA0D /* PendingDeleteItem.swift */,
			);
			path = Models;
			sourceTree = "<group>";
		};
		D9B74C1B2EBB406C002364A2 /* ViewModels */ = {
			isa = PBXGroup;
			children = (
				D9B74C1C2EBB406C002364A2 /* PhotoManagementViewModel.swift */,
				A1B74C682EBB50000023AA08 /* DuplicateDetectionViewModel.swift */,
				A1B74C6A2EBB50000023AA09 /* SmartCleanupViewModel.swift */,
				A1B74C6C2EBB50000023AA0A /* HomeViewModel.swift */,
				A1B74C782EBB50000023AA10 /* PendingDeleteViewModel.swift */,
				A1B74C7C2EBB50000023AA12 /* BlindBoxViewModel.swift */,
			);
			path = ViewModels;
			sourceTree = "<group>";
		};
		D9B74C1D2EBB406C002364A2 /* Views */ = {
			isa = PBXGroup;
			children = (
				D9B74C2F2EBB4A79002364A2 /* FilterView.swift */,
				D9B74C1E2EBB406C002364A2 /* DeleteConfirmationView.swift */,
				D9B74C1F2EBB406C002364A2 /* DateFilterView.swift */,
				D9B74C202EBB406C002364A2 /* PhotoCardView.swift */,
				D9B74C212EBB406C002364A2 /* PhotoManagementView.swift */,
				A1B74C542EBB50000023AA03 /* AlbumPickerView.swift */,
				A1B74C602EBB50000023AA04 /* HomeView.swift */,
				A1B74C6E2EBB50000023AA0B /* DuplicateDetectionView.swift */,
				A1B74C702EBB50000023AA0C /* SmartCleanupView.swift */,
				A1B74C7A2EBB50000023AA11 /* PendingDeleteView.swift */,
				A1B74C7E2EBB50000023AA13 /* BlindBoxView.swift */,
				A1B74C862EBB50000023AA17 /* SettingsView.swift */,
				A1B74C882EBB50000023AA18 /* PaywallView.swift */,
			);
			path = Views;
			sourceTree = "<group>";
		};
		D9B74C222EBB406C002364A2 /* Services */ = {
			isa = PBXGroup;
			children = (
				D9B74C232EBB406C002364A2 /* PhotoService.swift */,
				A1B74C522EBB50000023AA02 /* StorageStatsStore.swift */,
				A1B74C662EBB50000023AA07 /* PhotoAnalysisService.swift */,
				A1B74C742EBB50000023AA0E /* PendingDeleteStore.swift */,
				A1B74C762EBB50000023AA0F /* CleaningProgressStore.swift */,
				A1B74C822EBB50000023AA15 /* DailyQuotaService.swift */,
				A1B74C842EBB50000023AA16 /* PaywallService.swift */,
			);
			path = Services;
			sourceTree = "<group>";
		};
		D9B74C242EBB406C002364A2 /* Preview Content */ = {
			isa = PBXGroup;
			children = (
				D9B74C252EBB406C002364A2 /* Preview Assets.xcassets */,
			);
			path = "Preview Content";
			sourceTree = "<group>";
		};
/* End PBXGroup section */

/* Begin PBXNativeTarget section */
		D9B74C062EBB3A09002364A2 /* PicPick */ = {
			isa = PBXNativeTarget;
			buildConfigurationList = D9B74C152EBB3A0B002364A2 /* Build configuration list for PBXNativeTarget "PicPick" */;
			buildPhases = (
				D9B74C032EBB3A09002364A2 /* Sources */,
				D9B74C042EBB3A09002364A2 /* Frameworks */,
				D9B74C052EBB3A09002364A2 /* Resources */,
			);
			buildRules = (
			);
			dependencies = (
			);
			name = PicPick;
			productName = PicPick;
			productReference = D9B74C072EBB3A09002364A2 /* PicPick.app */;
			productType = "com.apple.product-type.application";
		};
/* End PBXNativeTarget section */

/* Begin PBXProject section */
		D9B74BFF2EBB3A09002364A2 /* Project object */ = {
			isa = PBXProject;
			attributes = {
				BuildIndependentTargetsInParallel = 1;
				LastSwiftUpdateCheck = 1430;
				LastUpgradeCheck = 1430;
				TargetAttributes = {
					D9B74C062EBB3A09002364A2 = {
						CreatedOnToolsVersion = 14.3;
					};
				};
			};
			buildConfigurationList = D9B74C022EBB3A09002364A2 /* Build configuration list for PBXProject "PicPick" */;
			compatibilityVersion = "Xcode 14.0";
			developmentRegion = en;
			hasScannedForEncodings = 0;
			knownRegions = (
				en,
				Base,
			);
			mainGroup = D9B74BFE2EBB3A09002364A2;
			productRefGroup = D9B74C082EBB3A09002364A2 /* Products */;
			projectDirPath = "";
			projectRoot = "";
			targets = (
				D9B74C062EBB3A09002364A2 /* PicPick */,
			);
		};
/* End PBXProject section */

/* Begin PBXResourcesBuildPhase section */
		D9B74C052EBB3A09002364A2 /* Resources */ = {
			isa = PBXResourcesBuildPhase;
			buildActionMask = 2147483647;
			files = (
				D9B74C2E2EBB406C002364A2 /* Preview Assets.xcassets in Resources */,
				D9B74C122EBB3A0B002364A2 /* Preview Assets.xcassets in Resources */,
				D9B74C262EBB406C002364A2 /* Assets.xcassets in Resources */,
				D9B74C0F2EBB3A0B002364A2 /* Assets.xcassets in Resources */,
			);
			runOnlyForDeploymentPostprocessing = 0;
		};
/* End PBXResourcesBuildPhase section */

/* Begin PBXSourcesBuildPhase section */
		D9B74C032EBB3A09002364A2 /* Sources */ = {
			isa = PBXSourcesBuildPhase;
			buildActionMask = 2147483647;
			files = (
				D9B74C282EBB406C002364A2 /* PhotoManagementViewModel.swift in Sources */,
				D9B74C2D2EBB406C002364A2 /* PhotoService.swift in Sources */,
				D9B74C2A2EBB406C002364A2 /* DateFilterView.swift in Sources */,
				D9B74C0B2EBB3A09002364A2 /* PicPickApp.swift in Sources */,
				D9B74C302EBB4A79002364A2 /* FilterView.swift in Sources */,
				D9B74C272EBB406C002364A2 /* PhotoItem.swift in Sources */,
				D9B74C2B2EBB406C002364A2 /* PhotoCardView.swift in Sources */,
				D9B74C2C2EBB406C002364A2 /* PhotoManagementView.swift in Sources */,
				D9B74C292EBB406C002364A2 /* DeleteConfirmationView.swift in Sources */,
				A1B74C512EBB50000023AA01 /* PhotoAlbum.swift in Sources */,
				A1B74C532EBB50000023AA02 /* StorageStatsStore.swift in Sources */,
				A1B74C552EBB50000023AA03 /* AlbumPickerView.swift in Sources */,
				A1B74C612EBB50000023AA04 /* HomeView.swift in Sources */,
				A1B74C632EBB50000023AA05 /* DuplicateGroup.swift in Sources */,
				A1B74C652EBB50000023AA06 /* SmartCleanupModels.swift in Sources */,
				A1B74C672EBB50000023AA07 /* PhotoAnalysisService.swift in Sources */,
				A1B74C692EBB50000023AA08 /* DuplicateDetectionViewModel.swift in Sources */,
				A1B74C6B2EBB50000023AA09 /* SmartCleanupViewModel.swift in Sources */,
				A1B74C6D2EBB50000023AA0A /* HomeViewModel.swift in Sources */,
				A1B74C6F2EBB50000023AA0B /* DuplicateDetectionView.swift in Sources */,
				A1B74C712EBB50000023AA0C /* SmartCleanupView.swift in Sources */,
				A1B74C732EBB50000023AA0D /* PendingDeleteItem.swift in Sources */,
				A1B74C752EBB50000023AA0E /* PendingDeleteStore.swift in Sources */,
				A1B74C772EBB50000023AA0F /* CleaningProgressStore.swift in Sources */,
				A1B74C792EBB50000023AA10 /* PendingDeleteViewModel.swift in Sources */,
				A1B74C7B2EBB50000023AA11 /* PendingDeleteView.swift in Sources */,
				A1B74C7D2EBB50000023AA12 /* BlindBoxViewModel.swift in Sources */,
				A1B74C7F2EBB50000023AA13 /* BlindBoxView.swift in Sources */,
				A1B74C812EBB50000023AA14 /* Config.swift in Sources */,
				A1B74C832EBB50000023AA15 /* DailyQuotaService.swift in Sources */,
				A1B74C852EBB50000023AA16 /* PaywallService.swift in Sources */,
				A1B74C872EBB50000023AA17 /* SettingsView.swift in Sources */,
				A1B74C892EBB50000023AA18 /* PaywallView.swift in Sources */,
			);
			runOnlyForDeploymentPostprocessing = 0;
		};
/* End PBXSourcesBuildPhase section */

/* Begin XCBuildConfiguration section */
		D9B74C132EBB3A0B002364A2 /* Debug */ = {
			isa = XCBuildConfiguration;
			buildSettings = {
				ALWAYS_SEARCH_USER_PATHS = NO;
				CLANG_ANALYZER_NONNULL = YES;
				CLANG_ANALYZER_NUMBER_OBJECT_CONVERSION = YES_AGGRESSIVE;
				CLANG_CXX_LANGUAGE_STANDARD = "gnu++20";
				CLANG_ENABLE_MODULES = YES;
				CLANG_ENABLE_OBJC_ARC = YES;
				CLANG_ENABLE_OBJC_WEAK = YES;
				CLANG_WARN_BLOCK_CAPTURE_AUTORELEASING = YES;
				CLANG_WARN_BOOL_CONVERSION = YES;
				CLANG_WARN_COMMA = YES;
				CLANG_WARN_CONSTANT_CONVERSION = YES;
				CLANG_WARN_DEPRECATED_OBJC_IMPLEMENTATIONS = YES;
				CLANG_WARN_DIRECT_OBJC_ISA_USAGE = YES_ERROR;
				CLANG_WARN_DOCUMENTATION_COMMENTS = YES;
				CLANG_WARN_EMPTY_BODY = YES;
				CLANG_WARN_ENUM_CONVERSION = YES;
				CLANG_WARN_INFINITE_RECURSION = YES;
				CLANG_WARN_INT_CONVERSION = YES;
				CLANG_WARN_NON_LITERAL_NULL_CONVERSION = YES;
				CLANG_WARN_OBJC_IMPLICIT_RETAIN_SELF = YES;
				CLANG_WARN_OBJC_LITERAL_CONVERSION = YES;
				CLANG_WARN_OBJC_ROOT_CLASS = YES_ERROR;
				CLANG_WARN_QUOTED_INCLUDE_IN_FRAMEWORK_HEADER = YES;
				CLANG_WARN_RANGE_LOOP_ANALYSIS = YES;
				CLANG_WARN_STRICT_PROTOTYPES = YES;
				CLANG_WARN_SUSPICIOUS_MOVE = YES;
				CLANG_WARN_UNGUARDED_AVAILABILITY = YES_AGGRESSIVE;
				CLANG_WARN_UNREACHABLE_CODE = YES;
				CLANG_WARN__DUPLICATE_METHOD_MATCH = YES;
				COPY_PHASE_STRIP = NO;
				DEBUG_INFORMATION_FORMAT = dwarf;
				ENABLE_STRICT_OBJC_MSGSEND = YES;
				ENABLE_TESTABILITY = YES;
				GCC_C_LANGUAGE_STANDARD = gnu11;
				GCC_DYNAMIC_NO_PIC = NO;
				GCC_NO_COMMON_BLOCKS = YES;
				GCC_OPTIMIZATION_LEVEL = 0;
				GCC_PREPROCESSOR_DEFINITIONS = (
					"DEBUG=1",
					"$(inherited)",
				);
				GCC_WARN_64_TO_32_BIT_CONVERSION = YES;
				GCC_WARN_ABOUT_RETURN_TYPE = YES_ERROR;
				GCC_WARN_UNDECLARED_SELECTOR = YES;
				GCC_WARN_UNINITIALIZED_AUTOS = YES_AGGRESSIVE;
				GCC_WARN_UNUSED_FUNCTION = YES;
				GCC_WARN_UNUSED_VARIABLE = YES;
				IPHONEOS_DEPLOYMENT_TARGET = 16.4;
				MTL_ENABLE_DEBUG_INFO = INCLUDE_SOURCE;
				MTL_FAST_MATH = YES;
				ONLY_ACTIVE_ARCH = YES;
				SDKROOT = iphoneos;
				SWIFT_ACTIVE_COMPILATION_CONDITIONS = DEBUG;
				SWIFT_OPTIMIZATION_LEVEL = "-Onone";
			};
			name = Debug;
		};
		D9B74C142EBB3A0B002364A2 /* Release */ = {
			isa = XCBuildConfiguration;
			buildSettings = {
				ALWAYS_SEARCH_USER_PATHS = NO;
				CLANG_ANALYZER_NONNULL = YES;
				CLANG_ANALYZER_NUMBER_OBJECT_CONVERSION = YES_AGGRESSIVE;
				CLANG_CXX_LANGUAGE_STANDARD = "gnu++20";
				CLANG_ENABLE_MODULES = YES;
				CLANG_ENABLE_OBJC_ARC = YES;
				CLANG_ENABLE_OBJC_WEAK = YES;
				CLANG_WARN_BLOCK_CAPTURE_AUTORELEASING = YES;
				CLANG_WARN_BOOL_CONVERSION = YES;
				CLANG_WARN_COMMA = YES;
				CLANG_WARN_CONSTANT_CONVERSION = YES;
				CLANG_WARN_DEPRECATED_OBJC_IMPLEMENTATIONS = YES;
				CLANG_WARN_DIRECT_OBJC_ISA_USAGE = YES_ERROR;
				CLANG_WARN_DOCUMENTATION_COMMENTS = YES;
				CLANG_WARN_EMPTY_BODY = YES;
				CLANG_WARN_ENUM_CONVERSION = YES;
				CLANG_WARN_INFINITE_RECURSION = YES;
				CLANG_WARN_INT_CONVERSION = YES;
				CLANG_WARN_NON_LITERAL_NULL_CONVERSION = YES;
				CLANG_WARN_OBJC_IMPLICIT_RETAIN_SELF = YES;
				CLANG_WARN_OBJC_LITERAL_CONVERSION = YES;
				CLANG_WARN_OBJC_ROOT_CLASS = YES_ERROR;
				CLANG_WARN_QUOTED_INCLUDE_IN_FRAMEWORK_HEADER = YES;
				CLANG_WARN_RANGE_LOOP_ANALYSIS = YES;
				CLANG_WARN_STRICT_PROTOTYPES = YES;
				CLANG_WARN_SUSPICIOUS_MOVE = YES;
				CLANG_WARN_UNGUARDED_AVAILABILITY = YES_AGGRESSIVE;
				CLANG_WARN_UNREACHABLE_CODE = YES;
				CLANG_WARN__DUPLICATE_METHOD_MATCH = YES;
				COPY_PHASE_STRIP = NO;
				DEBUG_INFORMATION_FORMAT = "dwarf-with-dsym";
				ENABLE_NS_ASSERTIONS = NO;
				ENABLE_STRICT_OBJC_MSGSEND = YES;
				GCC_C_LANGUAGE_STANDARD = gnu11;
				GCC_NO_COMMON_BLOCKS = YES;
				GCC_WARN_64_TO_32_BIT_CONVERSION = YES;
				GCC_WARN_ABOUT_RETURN_TYPE = YES_ERROR;
				GCC_WARN_UNDECLARED_SELECTOR = YES;
				GCC_WARN_UNINITIALIZED_AUTOS = YES_AGGRESSIVE;
				GCC_WARN_UNUSED_FUNCTION = YES;
				GCC_WARN_UNUSED_VARIABLE = YES;
				IPHONEOS_DEPLOYMENT_TARGET = 16.4;
				MTL_ENABLE_DEBUG_INFO = NO;
				MTL_FAST_MATH = YES;
				SDKROOT = iphoneos;
				SWIFT_COMPILATION_MODE = wholemodule;
				SWIFT_OPTIMIZATION_LEVEL = "-O";
				VALIDATE_PRODUCT = YES;
			};
			name = Release;
		};
		D9B74C162EBB3A0B002364A2 /* Debug */ = {
			isa = XCBuildConfiguration;
			buildSettings = {
				ASSETCATALOG_COMPILER_APPICON_NAME = AppIcon;
				ASSETCATALOG_COMPILER_GLOBAL_ACCENT_COLOR_NAME = AccentColor;
				CODE_SIGN_STYLE = Automatic;
				CURRENT_PROJECT_VERSION = 1;
				DEVELOPMENT_ASSET_PATHS = "\"PicPick/Preview Content\"";
				DEVELOPMENT_TEAM = 4T7529A92F;
				ENABLE_PREVIEWS = YES;
				GENERATE_INFOPLIST_FILE = YES;
				INFOPLIST_KEY_NSPhotoLibraryAddUsageDescription = "需要此权限来保存清理后的照片";
				INFOPLIST_KEY_NSPhotoLibraryUsageDescription = "需要访问您的相册，帮您快速整理和清理照片";
				INFOPLIST_KEY_UIApplicationSceneManifest_Generation = YES;
				INFOPLIST_KEY_UIApplicationSupportsIndirectInputEvents = YES;
				INFOPLIST_KEY_UILaunchScreen_Generation = YES;
				INFOPLIST_KEY_UISupportedInterfaceOrientations_iPad = "UIInterfaceOrientationPortrait UIInterfaceOrientationPortraitUpsideDown UIInterfaceOrientationLandscapeLeft UIInterfaceOrientationLandscapeRight";
				INFOPLIST_KEY_UISupportedInterfaceOrientations_iPhone = "UIInterfaceOrientationPortrait UIInterfaceOrientationLandscapeLeft UIInterfaceOrientationLandscapeRight";
				IPHONEOS_DEPLOYMENT_TARGET = 16.6;
				LD_RUNPATH_SEARCH_PATHS = (
					"$(inherited)",
					"@executable_path/Frameworks",
				);
				MARKETING_VERSION = 1.0;
				PRODUCT_BUNDLE_IDENTIFIER = lichao.PicPick;
				PRODUCT_NAME = "$(TARGET_NAME)";
				SDKROOT = iphoneos;
				SWIFT_EMIT_LOC_STRINGS = YES;
				SWIFT_VERSION = 5.0;
				TARGETED_DEVICE_FAMILY = "1,2";
			};
			name = Debug;
		};
		D9B74C172EBB3A0B002364A2 /* Release */ = {
			isa = XCBuildConfiguration;
			buildSettings = {
				ASSETCATALOG_COMPILER_APPICON_NAME = AppIcon;
				ASSETCATALOG_COMPILER_GLOBAL_ACCENT_COLOR_NAME = AccentColor;
				CODE_SIGN_STYLE = Automatic;
				CURRENT_PROJECT_VERSION = 1;
				DEVELOPMENT_ASSET_PATHS = "\"PicPick/Preview Content\"";
				DEVELOPMENT_TEAM = 4T7529A92F;
				ENABLE_PREVIEWS = YES;
				GENERATE_INFOPLIST_FILE = YES;
				INFOPLIST_KEY_NSPhotoLibraryAddUsageDescription = "需要此权限来保存清理后的照片";
				INFOPLIST_KEY_NSPhotoLibraryUsageDescription = "需要访问您的相册，帮您快速整理和清理照片";
				INFOPLIST_KEY_UIApplicationSceneManifest_Generation = YES;
				INFOPLIST_KEY_UIApplicationSupportsIndirectInputEvents = YES;
				INFOPLIST_KEY_UILaunchScreen_Generation = YES;
				INFOPLIST_KEY_UISupportedInterfaceOrientations_iPad = "UIInterfaceOrientationPortrait UIInterfaceOrientationPortraitUpsideDown UIInterfaceOrientationLandscapeLeft UIInterfaceOrientationLandscapeRight";
				INFOPLIST_KEY_UISupportedInterfaceOrientations_iPhone = "UIInterfaceOrientationPortrait UIInterfaceOrientationLandscapeLeft UIInterfaceOrientationLandscapeRight";
				IPHONEOS_DEPLOYMENT_TARGET = 16.6;
				LD_RUNPATH_SEARCH_PATHS = (
					"$(inherited)",
					"@executable_path/Frameworks",
				);
				MARKETING_VERSION = 1.0;
				PRODUCT_BUNDLE_IDENTIFIER = lichao.PicPick;
				PRODUCT_NAME = "$(TARGET_NAME)";
				SWIFT_EMIT_LOC_STRINGS = YES;
				SWIFT_VERSION = 5.0;
				TARGETED_DEVICE_FAMILY = "1,2";
			};
			name = Release;
		};
/* End XCBuildConfiguration section */

/* Begin XCConfigurationList section */
		D9B74C022EBB3A09002364A2 /* Build configuration list for PBXProject "PicPick" */ = {
			isa = XCConfigurationList;
			buildConfigurations = (
				D9B74C132EBB3A0B002364A2 /* Debug */,
				D9B74C142EBB3A0B002364A2 /* Release */,
			);
			defaultConfigurationIsVisible = 0;
			defaultConfigurationName = Release;
		};
		D9B74C152EBB3A0B002364A2 /* Build configuration list for PBXNativeTarget "PicPick" */ = {
			isa = XCConfigurationList;
			buildConfigurations = (
				D9B74C162EBB3A0B002364A2 /* Debug */,
				D9B74C172EBB3A0B002364A2 /* Release */,
			);
			defaultConfigurationIsVisible = 0;
			defaultConfigurationName = Release;
		};
/* End XCConfigurationList section */
	};
	rootObject = D9B74BFF2EBB3A09002364A2 /* Project object */;
}
